// !$*UTF8*$!
{
	archiveVersion = 1;
	classes = {
	};
	objectVersion = 53;
	objects = {

/* Begin PBXBuildFile section */
		FAB417F62099308400494E9C /* QRObjects.swift in Sources */ = {isa = PBXBuildFile; fileRef = FAB417F52099308400494E9C /* QRObjects.swift */; };
		FAD5009F1ED668B60074D713 /* AppDelegate.swift in Sources */ = {isa = PBXBuildFile; fileRef = FAD5009E1ED668B60074D713 /* AppDelegate.swift */; };
		FAD500A11ED668B60074D713 /* ViewController.swift in Sources */ = {isa = PBXBuildFile; fileRef = FAD500A01ED668B60074D713 /* ViewController.swift */; };
		FAD500A41ED668B60074D713 /* Main.storyboard in Resources */ = {isa = PBXBuildFile; fileRef = FAD500A21ED668B60074D713 /* Main.storyboard */; };
		FAD500A61ED668B60074D713 /* Assets.xcassets in Resources */ = {isa = PBXBuildFile; fileRef = FAD500A51ED668B60074D713 /* Assets.xcassets */; };
		FAD500A91ED668B60074D713 /* LaunchScreen.storyboard in Resources */ = {isa = PBXBuildFile; fileRef = FAD500A71ED668B60074D713 /* LaunchScreen.storyboard */; };
		FE1A9BAF29D5B038003C7171 /* SampleManager.swift in Sources */ = {isa = PBXBuildFile; fileRef = FE1A9BAE29D5B038003C7171 /* SampleManager.swift */; };
		FE25046B29B22D0B001D791A /* SpeechRecognizer.swift in Sources */ = {isa = PBXBuildFile; fileRef = FE25046A29B22D0B001D791A /* SpeechRecognizer.swift */; };
		FE2D1E2329D069C700863DC6 /* SampleTableViewCell.swift in Sources */ = {isa = PBXBuildFile; fileRef = FE2D1E2229D069C700863DC6 /* SampleTableViewCell.swift */; };
		FE37572A26F8EB3D00A0BD83 /* VolumeView.swift in Sources */ = {isa = PBXBuildFile; fileRef = FE37572926F8EB3D00A0BD83 /* VolumeView.swift */; };
		FEA5929C26F4E6F7005B805B /* SamplesViewController.swift in Sources */ = {isa = PBXBuildFile; fileRef = FEA5929B26F4E6F7005B805B /* SamplesViewController.swift */; };
		FEA5929E26F4E704005B805B /* RecordsViewController.swift in Sources */ = {isa = PBXBuildFile; fileRef = FEA5929D26F4E704005B805B /* RecordsViewController.swift */; };
		FEA592A026F4E70E005B805B /* SettingsViewController.swift in Sources */ = {isa = PBXBuildFile; fileRef = FEA5929F26F4E70E005B805B /* SettingsViewController.swift */; };
		FEE5FFA92722D1D800D2BB0F /* Loops in Resources */ = {isa = PBXBuildFile; fileRef = FEE5FFA82722D1D800D2BB0F /* Loops */; };
		FEE5FFAB2722D45200D2BB0F /* LoopStorage.swift in Sources */ = {isa = PBXBuildFile; fileRef = FEE5FFAA2722D45200D2BB0F /* LoopStorage.swift */; };
		FEE5FFAD2722D8B900D2BB0F /* LoopPlayer.swift in Sources */ = {isa = PBXBuildFile; fileRef = FEE5FFAC2722D8B900D2BB0F /* LoopPlayer.swift */; };
/* End PBXBuildFile section */

/* Begin PBXFileReference section */
		FAB417F52099308400494E9C /* QRObjects.swift */ = {isa = PBXFileReference; fileEncoding = 4; lastKnownFileType = sourcecode.swift; path = QRObjects.swift; sourceTree = "<group>"; };
		FAD5009B1ED668B60074D713 /* MusicWaveBoard.app */ = {isa = PBXFileReference; explicitFileType = wrapper.application; includeInIndex = 0; path = MusicWaveBoard.app; sourceTree = BUILT_PRODUCTS_DIR; };
		FAD5009E1ED668B60074D713 /* AppDelegate.swift */ = {isa = PBXFileReference; lastKnownFileType = sourcecode.swift; path = AppDelegate.swift; sourceTree = "<group>"; };
		FAD500A01ED668B60074D713 /* ViewController.swift */ = {isa = PBXFileReference; lastKnownFileType = sourcecode.swift; path = ViewController.swift; sourceTree = "<group>"; };
		FAD500A31ED668B60074D713 /* Base */ = {isa = PBXFileReference; lastKnownFileType = file.storyboard; name = Base; path = Base.lproj/Main.storyboard; sourceTree = "<group>"; };
		FAD500A51ED668B60074D713 /* Assets.xcassets */ = {isa = PBXFileReference; lastKnownFileType = folder.assetcatalog; path = Assets.xcassets; sourceTree = "<group>"; };
		FAD500A81ED668B60074D713 /* Base */ = {isa = PBXFileReference; lastKnownFileType = file.storyboard; name = Base; path = Base.lproj/LaunchScreen.storyboard; sourceTree = "<group>"; };
		FE01BC0429D76E4B00DACB26 /* 02.wav */ = {isa = PBXFileReference; lastKnownFileType = audio.wav; path = 02.wav; sourceTree = "<group>"; };
		FE01BC0529D76E4B00DACB26 /* 16.wav */ = {isa = PBXFileReference; lastKnownFileType = audio.wav; path = 16.wav; sourceTree = "<group>"; };
		FE01BC0629D76E4B00DACB26 /* 17.wav */ = {isa = PBXFileReference; lastKnownFileType = audio.wav; path = 17.wav; sourceTree = "<group>"; };
		FE01BC0729D76E4B00DACB26 /* 03.wav */ = {isa = PBXFileReference; lastKnownFileType = audio.wav; path = 03.wav; sourceTree = "<group>"; };
		FE01BC0829D76E4B00DACB26 /* 15.wav */ = {isa = PBXFileReference; lastKnownFileType = audio.wav; path = 15.wav; sourceTree = "<group>"; };
		FE01BC0929D76E4B00DACB26 /* 01.wav */ = {isa = PBXFileReference; lastKnownFileType = audio.wav; path = 01.wav; sourceTree = "<group>"; };
		FE01BC0A29D76E4B00DACB26 /* 29.wav */ = {isa = PBXFileReference; lastKnownFileType = audio.wav; path = 29.wav; sourceTree = "<group>"; };
		FE01BC0B29D76E4B00DACB26 /* 28.wav */ = {isa = PBXFileReference; lastKnownFileType = audio.wav; path = 28.wav; sourceTree = "<group>"; };
		FE01BC0C29D76E4B00DACB26 /* 14.wav */ = {isa = PBXFileReference; lastKnownFileType = audio.wav; path = 14.wav; sourceTree = "<group>"; };
		FE01BC0D29D76E4B00DACB26 /* 38.wav */ = {isa = PBXFileReference; lastKnownFileType = audio.wav; path = 38.wav; sourceTree = "<group>"; };
		FE01BC0E29D76E4B00DACB26 /* 10.wav */ = {isa = PBXFileReference; lastKnownFileType = audio.wav; path = 10.wav; sourceTree = "<group>"; };
		FE01BC0F29D76E4B00DACB26 /* 04.wav */ = {isa = PBXFileReference; lastKnownFileType = audio.wav; path = 04.wav; sourceTree = "<group>"; };
		FE01BC1029D76E4B00DACB26 /* 05.wav */ = {isa = PBXFileReference; lastKnownFileType = audio.wav; path = 05.wav; sourceTree = "<group>"; };
		FE01BC1129D76E4B00DACB26 /* 11.wav */ = {isa = PBXFileReference; lastKnownFileType = audio.wav; path = 11.wav; sourceTree = "<group>"; };
		FE01BC1229D76E4B00DACB26 /* 39.wav */ = {isa = PBXFileReference; lastKnownFileType = audio.wav; path = 39.wav; sourceTree = "<group>"; };
		FE01BC1329D76E4B00DACB26 /* 07.wav */ = {isa = PBXFileReference; lastKnownFileType = audio.wav; path = 07.wav; sourceTree = "<group>"; };
		FE01BC1429D76E4B00DACB26 /* 13.wav */ = {isa = PBXFileReference; lastKnownFileType = audio.wav; path = 13.wav; sourceTree = "<group>"; };
		FE01BC1529D76E4B00DACB26 /* 12.wav */ = {isa = PBXFileReference; lastKnownFileType = audio.wav; path = 12.wav; sourceTree = "<group>"; };
		FE01BC1629D76E4B00DACB26 /* 06.wav */ = {isa = PBXFileReference; lastKnownFileType = audio.wav; path = 06.wav; sourceTree = "<group>"; };
		FE01BC1729D76E4B00DACB26 /* 61.wav */ = {isa = PBXFileReference; lastKnownFileType = audio.wav; path = 61.wav; sourceTree = "<group>"; };
		FE01BC1829D76E4B00DACB26 /* 75.wav */ = {isa = PBXFileReference; lastKnownFileType = audio.wav; path = 75.wav; sourceTree = "<group>"; };
		FE01BC1929D76E4B00DACB26 /* 49.wav */ = {isa = PBXFileReference; lastKnownFileType = audio.wav; path = 49.wav; sourceTree = "<group>"; };
		FE01BC1A29D76E4B00DACB26 /* 48.wav */ = {isa = PBXFileReference; lastKnownFileType = audio.wav; path = 48.wav; sourceTree = "<group>"; };
		FE01BC1B29D76E4B00DACB26 /* 74.wav */ = {isa = PBXFileReference; lastKnownFileType = audio.wav; path = 74.wav; sourceTree = "<group>"; };
		FE01BC1C29D76E4B00DACB26 /* 60.wav */ = {isa = PBXFileReference; lastKnownFileType = audio.wav; path = 60.wav; sourceTree = "<group>"; };
		FE01BC1D29D76E4B00DACB26 /* 76.wav */ = {isa = PBXFileReference; lastKnownFileType = audio.wav; path = 76.wav; sourceTree = "<group>"; };
		FE01BC1E29D76E4B00DACB26 /* 62.wav */ = {isa = PBXFileReference; lastKnownFileType = audio.wav; path = 62.wav; sourceTree = "<group>"; };
		FE01BC1F29D76E4B00DACB26 /* 21.mp3 */ = {isa = PBXFileReference; lastKnownFileType = audio.mp3; path = 21.mp3; sourceTree = "<group>"; };
		FE01BC2029D76E4B00DACB26 /* 63.wav */ = {isa = PBXFileReference; lastKnownFileType = audio.wav; path = 63.wav; sourceTree = "<group>"; };
		FE01BC2129D76E4B00DACB26 /* 77.wav */ = {isa = PBXFileReference; lastKnownFileType = audio.wav; path = 77.wav; sourceTree = "<group>"; };
		FE01BC2229D76E4B00DACB26 /* 73.wav */ = {isa = PBXFileReference; lastKnownFileType = audio.wav; path = 73.wav; sourceTree = "<group>"; };
		FE01BC2329D76E4B00DACB26 /* 67.wav */ = {isa = PBXFileReference; lastKnownFileType = audio.wav; path = 67.wav; sourceTree = "<group>"; };
		FE01BC2429D76E4B00DACB26 /* 66.wav */ = {isa = PBXFileReference; lastKnownFileType = audio.wav; path = 66.wav; sourceTree = "<group>"; };
		FE01BC2529D76E4B00DACB26 /* 72.wav */ = {isa = PBXFileReference; lastKnownFileType = audio.wav; path = 72.wav; sourceTree = "<group>"; };
		FE01BC2629D76E4B00DACB26 /* 58.wav */ = {isa = PBXFileReference; lastKnownFileType = audio.wav; path = 58.wav; sourceTree = "<group>"; };
		FE01BC2729D76E4B00DACB26 /* 64.wav */ = {isa = PBXFileReference; lastKnownFileType = audio.wav; path = 64.wav; sourceTree = "<group>"; };
		FE01BC2829D76E4B00DACB26 /* 70.wav */ = {isa = PBXFileReference; lastKnownFileType = audio.wav; path = 70.wav; sourceTree = "<group>"; };
		FE01BC2929D76E4B00DACB26 /* 71.wav */ = {isa = PBXFileReference; lastKnownFileType = audio.wav; path = 71.wav; sourceTree = "<group>"; };
		FE01BC2A29D76E4B00DACB26 /* 65.wav */ = {isa = PBXFileReference; lastKnownFileType = audio.wav; path = 65.wav; sourceTree = "<group>"; };
		FE01BC2B29D76E4B00DACB26 /* 59.wav */ = {isa = PBXFileReference; lastKnownFileType = audio.wav; path = 59.wav; sourceTree = "<group>"; };
		FE01BC2C29D76E4B00DACB26 /* 40.wav */ = {isa = PBXFileReference; lastKnownFileType = audio.wav; path = 40.wav; sourceTree = "<group>"; };
		FE01BC2D29D76E4B00DACB26 /* 54.wav */ = {isa = PBXFileReference; lastKnownFileType = audio.wav; path = 54.wav; sourceTree = "<group>"; };
		FE01BC2E29D76E4B00DACB26 /* 68.wav */ = {isa = PBXFileReference; lastKnownFileType = audio.wav; path = 68.wav; sourceTree = "<group>"; };
		FE01BC2F29D76E4B00DACB26 /* 69.wav */ = {isa = PBXFileReference; lastKnownFileType = audio.wav; path = 69.wav; sourceTree = "<group>"; };
		FE01BC3029D76E4B00DACB26 /* 55.wav */ = {isa = PBXFileReference; lastKnownFileType = audio.wav; path = 55.wav; sourceTree = "<group>"; };
		FE01BC3129D76E4B00DACB26 /* 41.wav */ = {isa = PBXFileReference; lastKnownFileType = audio.wav; path = 41.wav; sourceTree = "<group>"; };
		FE01BC3229D76E4B00DACB26 /* 57.wav */ = {isa = PBXFileReference; lastKnownFileType = audio.wav; path = 57.wav; sourceTree = "<group>"; };
		FE01BC3329D76E4B00DACB26 /* 43.wav */ = {isa = PBXFileReference; lastKnownFileType = audio.wav; path = 43.wav; sourceTree = "<group>"; };
		FE01BC3429D76E4B00DACB26 /* 42.wav */ = {isa = PBXFileReference; lastKnownFileType = audio.wav; path = 42.wav; sourceTree = "<group>"; };
		FE01BC3529D76E4B00DACB26 /* 56.wav */ = {isa = PBXFileReference; lastKnownFileType = audio.wav; path = 56.wav; sourceTree = "<group>"; };
		FE01BC3629D76E4B00DACB26 /* 52.wav */ = {isa = PBXFileReference; lastKnownFileType = audio.wav; path = 52.wav; sourceTree = "<group>"; };
		FE01BC3729D76E4B00DACB26 /* 46.wav */ = {isa = PBXFileReference; lastKnownFileType = audio.wav; path = 46.wav; sourceTree = "<group>"; };
		FE01BC3829D76E4B00DACB26 /* 47.wav */ = {isa = PBXFileReference; lastKnownFileType = audio.wav; path = 47.wav; sourceTree = "<group>"; };
		FE01BC3929D76E4B00DACB26 /* 53.wav */ = {isa = PBXFileReference; lastKnownFileType = audio.wav; path = 53.wav; sourceTree = "<group>"; };
		FE01BC3A29D76E4B00DACB26 /* 45.wav */ = {isa = PBXFileReference; lastKnownFileType = audio.wav; path = 45.wav; sourceTree = "<group>"; };
		FE01BC3B29D76E4B00DACB26 /* 51.wav */ = {isa = PBXFileReference; lastKnownFileType = audio.wav; path = 51.wav; sourceTree = "<group>"; };
		FE01BC3C29D76E4B00DACB26 /* 50.wav */ = {isa = PBXFileReference; lastKnownFileType = audio.wav; path = 50.wav; sourceTree = "<group>"; };
		FE01BC3D29D76E4B00DACB26 /* 44.wav */ = {isa = PBXFileReference; lastKnownFileType = audio.wav; path = 44.wav; sourceTree = "<group>"; };
		FE01BC3E29D76E4B00DACB26 /* 78.wav */ = {isa = PBXFileReference; lastKnownFileType = audio.wav; path = 78.wav; sourceTree = "<group>"; };
		FE01BC3F29D76E4B00DACB26 /* 23.wav */ = {isa = PBXFileReference; lastKnownFileType = audio.wav; path = 23.wav; sourceTree = "<group>"; };
		FE01BC4029D76E4B00DACB26 /* 37.wav */ = {isa = PBXFileReference; lastKnownFileType = audio.wav; path = 37.wav; sourceTree = "<group>"; };
		FE01BC4129D76E4B00DACB26 /* 36.wav */ = {isa = PBXFileReference; lastKnownFileType = audio.wav; path = 36.wav; sourceTree = "<group>"; };
		FE01BC4229D76E4B00DACB26 /* 22.wav */ = {isa = PBXFileReference; lastKnownFileType = audio.wav; path = 22.wav; sourceTree = "<group>"; };
		FE01BC4329D76E4B00DACB26 /* 34.wav */ = {isa = PBXFileReference; lastKnownFileType = audio.wav; path = 34.wav; sourceTree = "<group>"; };
		FE01BC4429D76E4B00DACB26 /* 20.wav */ = {isa = PBXFileReference; lastKnownFileType = audio.wav; path = 20.wav; sourceTree = "<group>"; };
		FE01BC4529D76E4B00DACB26 /* 08.wav */ = {isa = PBXFileReference; lastKnownFileType = audio.wav; path = 08.wav; sourceTree = "<group>"; };
		FE01BC4629D76E4B00DACB26 /* 09.wav */ = {isa = PBXFileReference; lastKnownFileType = audio.wav; path = 09.wav; sourceTree = "<group>"; };
		FE01BC4729D76E4B00DACB26 /* 35.wav */ = {isa = PBXFileReference; lastKnownFileType = audio.wav; path = 35.wav; sourceTree = "<group>"; };
		FE01BC4829D76E4B00DACB26 /* 19.wav */ = {isa = PBXFileReference; lastKnownFileType = audio.wav; path = 19.wav; sourceTree = "<group>"; };
		FE01BC4929D76E4B00DACB26 /* 31.wav */ = {isa = PBXFileReference; lastKnownFileType = audio.wav; path = 31.wav; sourceTree = "<group>"; };
		FE01BC4A29D76E4B00DACB26 /* 25.wav */ = {isa = PBXFileReference; lastKnownFileType = audio.wav; path = 25.wav; sourceTree = "<group>"; };
		FE01BC4B29D76E4B00DACB26 /* 24.wav */ = {isa = PBXFileReference; lastKnownFileType = audio.wav; path = 24.wav; sourceTree = "<group>"; };
		FE01BC4C29D76E4B00DACB26 /* 30.wav */ = {isa = PBXFileReference; lastKnownFileType = audio.wav; path = 30.wav; sourceTree = "<group>"; };
		FE01BC4D29D76E4B00DACB26 /* 18.wav */ = {isa = PBXFileReference; lastKnownFileType = audio.wav; path = 18.wav; sourceTree = "<group>"; };
		FE01BC4E29D76E4B00DACB26 /* 26.wav */ = {isa = PBXFileReference; lastKnownFileType = audio.wav; path = 26.wav; sourceTree = "<group>"; };
		FE01BC4F29D76E4B00DACB26 /* 32.wav */ = {isa = PBXFileReference; lastKnownFileType = audio.wav; path = 32.wav; sourceTree = "<group>"; };
		FE01BC5029D76E4B00DACB26 /* 33.wav */ = {isa = PBXFileReference; lastKnownFileType = audio.wav; path = 33.wav; sourceTree = "<group>"; };
		FE01BC5129D76E4B00DACB26 /* 27.wav */ = {isa = PBXFileReference; lastKnownFileType = audio.wav; path = 27.wav; sourceTree = "<group>"; };
		FE1A9BAE29D5B038003C7171 /* SampleManager.swift */ = {isa = PBXFileReference; lastKnownFileType = sourcecode.swift; path = SampleManager.swift; sourceTree = "<group>"; };
		FE25046A29B22D0B001D791A /* SpeechRecognizer.swift */ = {isa = PBXFileReference; lastKnownFileType = sourcecode.swift; path = SpeechRecognizer.swift; sourceTree = "<group>"; };
		FE2D1E2229D069C700863DC6 /* SampleTableViewCell.swift */ = {isa = PBXFileReference; lastKnownFileType = sourcecode.swift; path = SampleTableViewCell.swift; sourceTree = "<group>"; };
		FE37572926F8EB3D00A0BD83 /* VolumeView.swift */ = {isa = PBXFileReference; lastKnownFileType = sourcecode.swift; path = VolumeView.swift; sourceTree = "<group>"; };
		FE778A1A26F4BE760055A8CA /* Info.plist */ = {isa = PBXFileReference; fileEncoding = 4; lastKnownFileType = text.plist.xml; path = Info.plist; sourceTree = "<group>"; };
		FEA5929B26F4E6F7005B805B /* SamplesViewController.swift */ = {isa = PBXFileReference; lastKnownFileType = sourcecode.swift; path = SamplesViewController.swift; sourceTree = "<group>"; };
		FEA5929D26F4E704005B805B /* RecordsViewController.swift */ = {isa = PBXFileReference; lastKnownFileType = sourcecode.swift; path = RecordsViewController.swift; sourceTree = "<group>"; };
		FEA5929F26F4E70E005B805B /* SettingsViewController.swift */ = {isa = PBXFileReference; lastKnownFileType = sourcecode.swift; path = SettingsViewController.swift; sourceTree = "<group>"; };
		FEE5FFA82722D1D800D2BB0F /* Loops */ = {isa = PBXFileReference; lastKnownFileType = folder; path = Loops; sourceTree = "<group>"; };
		FEE5FFAA2722D45200D2BB0F /* LoopStorage.swift */ = {isa = PBXFileReference; lastKnownFileType = sourcecode.swift; path = LoopStorage.swift; sourceTree = "<group>"; };
		FEE5FFAC2722D8B900D2BB0F /* LoopPlayer.swift */ = {isa = PBXFileReference; lastKnownFileType = sourcecode.swift; path = LoopPlayer.swift; sourceTree = "<group>"; };
/* End PBXFileReference section */

/* Begin PBXFrameworksBuildPhase section */
		FAD500981ED668B60074D713 /* Frameworks */ = {
			isa = PBXFrameworksBuildPhase;
			buildActionMask = 2147483647;
			files = (
			);
			runOnlyForDeploymentPostprocessing = 0;
		};
/* End PBXFrameworksBuildPhase section */

/* Begin PBXGroup section */
		FAD500921ED668B60074D713 = {
			isa = PBXGroup;
			children = (
				FE01BC0329D76E4B00DACB26 /* Samples */,
				FEE5FFA82722D1D800D2BB0F /* Loops */,
				FAD5009D1ED668B60074D713 /* MusicWaveBoard */,
				FAD5009C1ED668B60074D713 /* Products */,
			);
			sourceTree = "<group>";
		};
		FAD5009C1ED668B60074D713 /* Products */ = {
			isa = PBXGroup;
			children = (
				FAD5009B1ED668B60074D713 /* MusicWaveBoard.app */,
			);
			name = Products;
			sourceTree = "<group>";
		};
		FAD5009D1ED668B60074D713 /* MusicWaveBoard */ = {
			isa = PBXGroup;
			children = (
				FAD5009E1ED668B60074D713 /* AppDelegate.swift */,
				FE25046C29B22DA6001D791A /* Controllers */,
				FE25046D29B22DC1001D791A /* Views */,
				FE25046F29B22DE3001D791A /* Helpers */,
				FE25046E29B22DD4001D791A /* Models */,
				FAD500A21ED668B60074D713 /* Main.storyboard */,
				FAD500A71ED668B60074D713 /* LaunchScreen.storyboard */,
				FAD500A51ED668B60074D713 /* Assets.xcassets */,
				FE778A1A26F4BE760055A8CA /* Info.plist */,
			);
			path = MusicWaveBoard;
			sourceTree = "<group>";
		};
		FE01BC0329D76E4B00DACB26 /* Samples */ = {
			isa = PBXGroup;
			children = (
				FE01BC0429D76E4B00DACB26 /* 02.wav */,
				FE01BC0529D76E4B00DACB26 /* 16.wav */,
				FE01BC0629D76E4B00DACB26 /* 17.wav */,
				FE01BC0729D76E4B00DACB26 /* 03.wav */,
				FE01BC0829D76E4B00DACB26 /* 15.wav */,
				FE01BC0929D76E4B00DACB26 /* 01.wav */,
				FE01BC0A29D76E4B00DACB26 /* 29.wav */,
				FE01BC0B29D76E4B00DACB26 /* 28.wav */,
				FE01BC0C29D76E4B00DACB26 /* 14.wav */,
				FE01BC0D29D76E4B00DACB26 /* 38.wav */,
				FE01BC0E29D76E4B00DACB26 /* 10.wav */,
				FE01BC0F29D76E4B00DACB26 /* 04.wav */,
				FE01BC1029D76E4B00DACB26 /* 05.wav */,
				FE01BC1129D76E4B00DACB26 /* 11.wav */,
				FE01BC1229D76E4B00DACB26 /* 39.wav */,
				FE01BC1329D76E4B00DACB26 /* 07.wav */,
				FE01BC1429D76E4B00DACB26 /* 13.wav */,
				FE01BC1529D76E4B00DACB26 /* 12.wav */,
				FE01BC1629D76E4B00DACB26 /* 06.wav */,
				FE01BC1729D76E4B00DACB26 /* 61.wav */,
				FE01BC1829D76E4B00DACB26 /* 75.wav */,
				FE01BC1929D76E4B00DACB26 /* 49.wav */,
				FE01BC1A29D76E4B00DACB26 /* 48.wav */,
				FE01BC1B29D76E4B00DACB26 /* 74.wav */,
				FE01BC1C29D76E4B00DACB26 /* 60.wav */,
				FE01BC1D29D76E4B00DACB26 /* 76.wav */,
				FE01BC1E29D76E4B00DACB26 /* 62.wav */,
				FE01BC1F29D76E4B00DACB26 /* 21.mp3 */,
				FE01BC2029D76E4B00DACB26 /* 63.wav */,
				FE01BC2129D76E4B00DACB26 /* 77.wav */,
				FE01BC2229D76E4B00DACB26 /* 73.wav */,
				FE01BC2329D76E4B00DACB26 /* 67.wav */,
				FE01BC2429D76E4B00DACB26 /* 66.wav */,
				FE01BC2529D76E4B00DACB26 /* 72.wav */,
				FE01BC2629D76E4B00DACB26 /* 58.wav */,
				FE01BC2729D76E4B00DACB26 /* 64.wav */,
				FE01BC2829D76E4B00DACB26 /* 70.wav */,
				FE01BC2929D76E4B00DACB26 /* 71.wav */,
				FE01BC2A29D76E4B00DACB26 /* 65.wav */,
				FE01BC2B29D76E4B00DACB26 /* 59.wav */,
				FE01BC2C29D76E4B00DACB26 /* 40.wav */,
				FE01BC2D29D76E4B00DACB26 /* 54.wav */,
				FE01BC2E29D76E4B00DACB26 /* 68.wav */,
				FE01BC2F29D76E4B00DACB26 /* 69.wav */,
				FE01BC3029D76E4B00DACB26 /* 55.wav */,
				FE01BC3129D76E4B00DACB26 /* 41.wav */,
				FE01BC3229D76E4B00DACB26 /* 57.wav */,
				FE01BC3329D76E4B00DACB26 /* 43.wav */,
				FE01BC3429D76E4B00DACB26 /* 42.wav */,
				FE01BC3529D76E4B00DACB26 /* 56.wav */,
				FE01BC3629D76E4B00DACB26 /* 52.wav */,
				FE01BC3729D76E4B00DACB26 /* 46.wav */,
				FE01BC3829D76E4B00DACB26 /* 47.wav */,
				FE01BC3929D76E4B00DACB26 /* 53.wav */,
				FE01BC3A29D76E4B00DACB26 /* 45.wav */,
				FE01BC3B29D76E4B00DACB26 /* 51.wav */,
				FE01BC3C29D76E4B00DACB26 /* 50.wav */,
				FE01BC3D29D76E4B00DACB26 /* 44.wav */,
				FE01BC3E29D76E4B00DACB26 /* 78.wav */,
				FE01BC3F29D76E4B00DACB26 /* 23.wav */,
				FE01BC4029D76E4B00DACB26 /* 37.wav */,
				FE01BC4129D76E4B00DACB26 /* 36.wav */,
				FE01BC4229D76E4B00DACB26 /* 22.wav */,
				FE01BC4329D76E4B00DACB26 /* 34.wav */,
				FE01BC4429D76E4B00DACB26 /* 20.wav */,
				FE01BC4529D76E4B00DACB26 /* 08.wav */,
				FE01BC4629D76E4B00DACB26 /* 09.wav */,
				FE01BC4729D76E4B00DACB26 /* 35.wav */,
				FE01BC4829D76E4B00DACB26 /* 19.wav */,
				FE01BC4929D76E4B00DACB26 /* 31.wav */,
				FE01BC4A29D76E4B00DACB26 /* 25.wav */,
				FE01BC4B29D76E4B00DACB26 /* 24.wav */,
				FE01BC4C29D76E4B00DACB26 /* 30.wav */,
				FE01BC4D29D76E4B00DACB26 /* 18.wav */,
				FE01BC4E29D76E4B00DACB26 /* 26.wav */,
				FE01BC4F29D76E4B00DACB26 /* 32.wav */,
				FE01BC5029D76E4B00DACB26 /* 33.wav */,
				FE01BC5129D76E4B00DACB26 /* 27.wav */,
			);
			path = Samples;
			sourceTree = "<group>";
		};
		FE25046C29B22DA6001D791A /* Controllers */ = {
			isa = PBXGroup;
			children = (
				FAD500A01ED668B60074D713 /* ViewController.swift */,
				FAB417F52099308400494E9C /* QRObjects.swift */,
				FEA5929B26F4E6F7005B805B /* SamplesViewController.swift */,
				FEA5929D26F4E704005B805B /* RecordsViewController.swift */,
				FEA5929F26F4E70E005B805B /* SettingsViewController.swift */,
				FE2D1E2229D069C700863DC6 /* SampleTableViewCell.swift */,
			);
			path = Controllers;
			sourceTree = "<group>";
		};
		FE25046D29B22DC1001D791A /* Views */ = {
			isa = PBXGroup;
			children = (
				FE37572926F8EB3D00A0BD83 /* VolumeView.swift */,
			);
			path = Views;
			sourceTree = "<group>";
		};
		FE25046E29B22DD4001D791A /* Models */ = {
			isa = PBXGroup;
			children = (
				FEE5FFAA2722D45200D2BB0F /* LoopStorage.swift */,
			);
			path = Models;
			sourceTree = "<group>";
		};
		FE25046F29B22DE3001D791A /* Helpers */ = {
			isa = PBXGroup;
			children = (
				FEE5FFAC2722D8B900D2BB0F /* LoopPlayer.swift */,
				FE25046A29B22D0B001D791A /* SpeechRecognizer.swift */,
				FE1A9BAE29D5B038003C7171 /* SampleManager.swift */,
			);
			path = Helpers;
			sourceTree = "<group>";
		};
/* End PBXGroup section */

/* Begin PBXNativeTarget section */
		FAD5009A1ED668B60074D713 /* MusicWaveBoard */ = {
			isa = PBXNativeTarget;
			buildConfigurationList = FAD500AD1ED668B60074D713 /* Build configuration list for PBXNativeTarget "MusicWaveBoard" */;
			buildPhases = (
				FAD500971ED668B60074D713 /* Sources */,
				FAD500981ED668B60074D713 /* Frameworks */,
				FAD500991ED668B60074D713 /* Resources */,
			);
			buildRules = (
			);
			dependencies = (
			);
			name = MusicWaveBoard;
			productName = "VisionCamObjectRecognition-Swift";
			productReference = FAD5009B1ED668B60074D713 /* MusicWaveBoard.app */;
			productType = "com.apple.product-type.application";
		};
/* End PBXNativeTarget section */

/* Begin PBXProject section */
		FAD500931ED668B60074D713 /* Project object */ = {
			isa = PBXProject;
			attributes = {
				BuildIndependentTargetsInParallel = YES;
				LastSwiftUpdateCheck = 0900;
				LastUpgradeCheck = 1430;
				ORGANIZATIONNAME = "";
				TargetAttributes = {
					FAD5009A1ED668B60074D713 = {
						CreatedOnToolsVersion = 9.0;
						LastSwiftMigration = 1140;
						ProvisioningStyle = Automatic;
					};
				};
			};
			buildConfigurationList = FAD500961ED668B60074D713 /* Build configuration list for PBXProject "MusicWaveBoard" */;
			compatibilityVersion = "Xcode 9.3";
			developmentRegion = en;
			hasScannedForEncodings = 0;
			knownRegions = (
				en,
				Base,
			);
			mainGroup = FAD500921ED668B60074D713;
			productRefGroup = FAD5009C1ED668B60074D713 /* Products */;
			projectDirPath = "";
			projectRoot = "";
			targets = (
				FAD5009A1ED668B60074D713 /* MusicWaveBoard */,
			);
		};
/* End PBXProject section */

/* Begin PBXResourcesBuildPhase section */
		FAD500991ED668B60074D713 /* Resources */ = {
			isa = PBXResourcesBuildPhase;
			buildActionMask = 2147483647;
			files = (
				FAD500A91ED668B60074D713 /* LaunchScreen.storyboard in Resources */,
				FAD500A61ED668B60074D713 /* Assets.xcassets in Resources */,
				FEE5FFA92722D1D800D2BB0F /* Loops in Resources */,
				FAD500A41ED668B60074D713 /* Main.storyboard in Resources */,
			);
			runOnlyForDeploymentPostprocessing = 0;
		};
/* End PBXResourcesBuildPhase section */

/* Begin PBXSourcesBuildPhase section */
		FAD500971ED668B60074D713 /* Sources */ = {
			isa = PBXSourcesBuildPhase;
			buildActionMask = 2147483647;
			files = (
				FE2D1E2329D069C700863DC6 /* SampleTableViewCell.swift in Sources */,
				FAB417F62099308400494E9C /* QRObjects.swift in Sources */,
				FAD500A11ED668B60074D713 /* ViewController.swift in Sources */,
				FE1A9BAF29D5B038003C7171 /* SampleManager.swift in Sources */,
				FEA592A026F4E70E005B805B /* SettingsViewController.swift in Sources */,
				FEE5FFAB2722D45200D2BB0F /* LoopStorage.swift in Sources */,
				FEA5929C26F4E6F7005B805B /* SamplesViewController.swift in Sources */,
				FE25046B29B22D0B001D791A /* SpeechRecognizer.swift in Sources */,
				FAD5009F1ED668B60074D713 /* AppDelegate.swift in Sources */,
				FE37572A26F8EB3D00A0BD83 /* VolumeView.swift in Sources */,
				FEA5929E26F4E704005B805B /* RecordsViewController.swift in Sources */,
				FEE5FFAD2722D8B900D2BB0F /* LoopPlayer.swift in Sources */,
			);
			runOnlyForDeploymentPostprocessing = 0;
		};
/* End PBXSourcesBuildPhase section */

/* Begin PBXVariantGroup section */
		FAD500A21ED668B60074D713 /* Main.storyboard */ = {
			isa = PBXVariantGroup;
			children = (
				FAD500A31ED668B60074D713 /* Base */,
			);
			name = Main.storyboard;
			sourceTree = "<group>";
		};
		FAD500A71ED668B60074D713 /* LaunchScreen.storyboard */ = {
			isa = PBXVariantGroup;
			children = (
				FAD500A81ED668B60074D713 /* Base */,
			);
			name = LaunchScreen.storyboard;
			sourceTree = "<group>";
		};
/* End PBXVariantGroup section */

/* Begin XCBuildConfiguration section */
		FAD500AB1ED668B60074D713 /* Debug */ = {
			isa = XCBuildConfiguration;
			buildSettings = {
				ALWAYS_SEARCH_USER_PATHS = NO;
				CLANG_ANALYZER_NONNULL = YES;
				CLANG_ANALYZER_NUMBER_OBJECT_CONVERSION = YES_AGGRESSIVE;
				CLANG_CXX_LANGUAGE_STANDARD = "gnu++14";
				CLANG_CXX_LIBRARY = "libc++";
				CLANG_ENABLE_MODULES = YES;
				CLANG_ENABLE_OBJC_ARC = YES;
				CLANG_WARN_BLOCK_CAPTURE_AUTORELEASING = YES;
				CLANG_WARN_BOOL_CONVERSION = YES;
				CLANG_WARN_COMMA = YES;
				CLANG_WARN_CONSTANT_CONVERSION = YES;
				CLANG_WARN_DEPRECATED_OBJC_IMPLEMENTATIONS = YES;
				CLANG_WARN_DIRECT_OBJC_ISA_USAGE = YES_ERROR;
				CLANG_WARN_DOCUMENTATION_COMMENTS = YES;
				CLANG_WARN_EMPTY_BODY = YES;
				CLANG_WARN_ENUM_CONVERSION = YES;
				CLANG_WARN_INFINITE_RECURSION = YES;
				CLANG_WARN_INT_CONVERSION = YES;
				CLANG_WARN_NON_LITERAL_NULL_CONVERSION = YES;
				CLANG_WARN_OBJC_IMPLICIT_RETAIN_SELF = YES;
				CLANG_WARN_OBJC_LITERAL_CONVERSION = YES;
				CLANG_WARN_OBJC_ROOT_CLASS = YES_ERROR;
				CLANG_WARN_QUOTED_INCLUDE_IN_FRAMEWORK_HEADER = YES;
				CLANG_WARN_RANGE_LOOP_ANALYSIS = YES;
				CLANG_WARN_STRICT_PROTOTYPES = YES;
				CLANG_WARN_SUSPICIOUS_MOVE = YES;
				CLANG_WARN_UNGUARDED_AVAILABILITY = YES_AGGRESSIVE;
				CLANG_WARN_UNREACHABLE_CODE = YES;
				CLANG_WARN__DUPLICATE_METHOD_MATCH = YES;
				CODE_SIGN_IDENTITY = "iPhone Developer";
				COPY_PHASE_STRIP = NO;
				COREML_CODEGEN_LANGUAGE = None;
				DEBUG_INFORMATION_FORMAT = dwarf;
				ENABLE_STRICT_OBJC_MSGSEND = YES;
				ENABLE_TESTABILITY = YES;
				GCC_C_LANGUAGE_STANDARD = gnu11;
				GCC_DYNAMIC_NO_PIC = NO;
				GCC_NO_COMMON_BLOCKS = YES;
				GCC_OPTIMIZATION_LEVEL = 0;
				GCC_PREPROCESSOR_DEFINITIONS = (
					"DEBUG=1",
					"$(inherited)",
				);
				GCC_WARN_64_TO_32_BIT_CONVERSION = YES;
				GCC_WARN_ABOUT_RETURN_TYPE = YES_ERROR;
				GCC_WARN_UNDECLARED_SELECTOR = YES;
				GCC_WARN_UNINITIALIZED_AUTOS = YES_AGGRESSIVE;
				GCC_WARN_UNUSED_FUNCTION = YES;
				GCC_WARN_UNUSED_VARIABLE = YES;
				IPHONEOS_DEPLOYMENT_TARGET = 13.0;
				MTL_ENABLE_DEBUG_INFO = YES;
				ONLY_ACTIVE_ARCH = YES;
				SDKROOT = iphoneos;
				SWIFT_ACTIVE_COMPILATION_CONDITIONS = DEBUG;
				SWIFT_OPTIMIZATION_LEVEL = "-Onone";
				SWIFT_VERSION = 4.2;
			};
			name = Debug;
		};
		FAD500AC1ED668B60074D713 /* Release */ = {
			isa = XCBuildConfiguration;
			buildSettings = {
				ALWAYS_SEARCH_USER_PATHS = NO;
				CLANG_ANALYZER_NONNULL = YES;
				CLANG_ANALYZER_NUMBER_OBJECT_CONVERSION = YES_AGGRESSIVE;
				CLANG_CXX_LANGUAGE_STANDARD = "gnu++14";
				CLANG_CXX_LIBRARY = "libc++";
				CLANG_ENABLE_MODULES = YES;
				CLANG_ENABLE_OBJC_ARC = YES;
				CLANG_WARN_BLOCK_CAPTURE_AUTORELEASING = YES;
				CLANG_WARN_BOOL_CONVERSION = YES;
				CLANG_WARN_COMMA = YES;
				CLANG_WARN_CONSTANT_CONVERSION = YES;
				CLANG_WARN_DEPRECATED_OBJC_IMPLEMENTATIONS = YES;
				CLANG_WARN_DIRECT_OBJC_ISA_USAGE = YES_ERROR;
				CLANG_WARN_DOCUMENTATION_COMMENTS = YES;
				CLANG_WARN_EMPTY_BODY = YES;
				CLANG_WARN_ENUM_CONVERSION = YES;
				CLANG_WARN_INFINITE_RECURSION = YES;
				CLANG_WARN_INT_CONVERSION = YES;
				CLANG_WARN_NON_LITERAL_NULL_CONVERSION = YES;
				CLANG_WARN_OBJC_IMPLICIT_RETAIN_SELF = YES;
				CLANG_WARN_OBJC_LITERAL_CONVERSION = YES;
				CLANG_WARN_OBJC_ROOT_CLASS = YES_ERROR;
				CLANG_WARN_QUOTED_INCLUDE_IN_FRAMEWORK_HEADER = YES;
				CLANG_WARN_RANGE_LOOP_ANALYSIS = YES;
				CLANG_WARN_STRICT_PROTOTYPES = YES;
				CLANG_WARN_SUSPICIOUS_MOVE = YES;
				CLANG_WARN_UNGUARDED_AVAILABILITY = YES_AGGRESSIVE;
				CLANG_WARN_UNREACHABLE_CODE = YES;
				CLANG_WARN__DUPLICATE_METHOD_MATCH = YES;
				CODE_SIGN_IDENTITY = "iPhone Developer";
				COPY_PHASE_STRIP = NO;
				COREML_CODEGEN_LANGUAGE = None;
				DEBUG_INFORMATION_FORMAT = "dwarf-with-dsym";
				ENABLE_NS_ASSERTIONS = NO;
				ENABLE_STRICT_OBJC_MSGSEND = YES;
				GCC_C_LANGUAGE_STANDARD = gnu11;
				GCC_NO_COMMON_BLOCKS = YES;
				GCC_WARN_64_TO_32_BIT_CONVERSION = YES;
				GCC_WARN_ABOUT_RETURN_TYPE = YES_ERROR;
				GCC_WARN_UNDECLARED_SELECTOR = YES;
				GCC_WARN_UNINITIALIZED_AUTOS = YES_AGGRESSIVE;
				GCC_WARN_UNUSED_FUNCTION = YES;
				GCC_WARN_UNUSED_VARIABLE = YES;
				IPHONEOS_DEPLOYMENT_TARGET = 13.0;
				MTL_ENABLE_DEBUG_INFO = NO;
				SDKROOT = iphoneos;
				SWIFT_COMPILATION_MODE = wholemodule;
				SWIFT_OPTIMIZATION_LEVEL = "-O";
				SWIFT_VERSION = 4.2;
				VALIDATE_PRODUCT = YES;
			};
			name = Release;
		};
		FAD500AE1ED668B60074D713 /* Debug */ = {
			isa = XCBuildConfiguration;
			buildSettings = {
				ASSETCATALOG_COMPILER_APPICON_NAME = AppIcon;
				CODE_SIGN_IDENTITY = "iPhone Developer";
				CODE_SIGN_STYLE = Automatic;
				CURRENT_PROJECT_VERSION = 6;
				DEVELOPMENT_TEAM = 7MRAPLDUXF;
				INFOPLIST_FILE = "$(SRCROOT)/MusicWaveBoard/Info.plist";
				IPHONEOS_DEPLOYMENT_TARGET = 13.0;
				LD_RUNPATH_SEARCH_PATHS = (
					"$(inherited)",
					"@executable_path/Frameworks",
				);
				PRODUCT_BUNDLE_IDENTIFIER = ru.Vitaliy.Gribko.MusicWaveBoard;
				PRODUCT_NAME = "$(TARGET_NAME)";
				PROVISIONING_PROFILE_SPECIFIER = "";
				SWIFT_VERSION = 5.0;
				TARGETED_DEVICE_FAMILY = "1,2";
			};
			name = Debug;
		};
		FAD500AF1ED668B60074D713 /* Release */ = {
			isa = XCBuildConfiguration;
			buildSettings = {
				ASSETCATALOG_COMPILER_APPICON_NAME = AppIcon;
				CODE_SIGN_IDENTITY = "iPhone Developer";
				CODE_SIGN_STYLE = Automatic;
				CURRENT_PROJECT_VERSION = 6;
				DEVELOPMENT_TEAM = 7MRAPLDUXF;
				INFOPLIST_FILE = "$(SRCROOT)/MusicWaveBoard/Info.plist";
				IPHONEOS_DEPLOYMENT_TARGET = 13.0;
				LD_RUNPATH_SEARCH_PATHS = (
					"$(inherited)",
					"@executable_path/Frameworks",
				);
				PRODUCT_BUNDLE_IDENTIFIER = ru.Vitaliy.Gribko.MusicWaveBoard;
				PRODUCT_NAME = "$(TARGET_NAME)";
				PROVISIONING_PROFILE_SPECIFIER = "";
				SWIFT_VERSION = 5.0;
				TARGETED_DEVICE_FAMILY = "1,2";
			};
			name = Release;
		};
/* End XCBuildConfiguration section */

/* Begin XCConfigurationList section */
		FAD500961ED668B60074D713 /* Build configuration list for PBXProject "MusicWaveBoard" */ = {
			isa = XCConfigurationList;
			buildConfigurations = (
				FAD500AB1ED668B60074D713 /* Debug */,
				FAD500AC1ED668B60074D713 /* Release */,
			);
			defaultConfigurationIsVisible = 0;
			defaultConfigurationName = Release;
		};
		FAD500AD1ED668B60074D713 /* Build configuration list for PBXNativeTarget "MusicWaveBoard" */ = {
			isa = XCConfigurationList;
			buildConfigurations = (
				FAD500AE1ED668B60074D713 /* Debug */,
				FAD500AF1ED668B60074D713 /* Release */,
			);
			defaultConfigurationIsVisible = 0;
			defaultConfigurationName = Release;
		};
/* End XCConfigurationList section */
	};
	rootObject = FAD500931ED668B60074D713 /* Project object */;
}
